
Microsoft Visual Studio Solution File, Format Version 12.00
# Visual Studio Version 16
VisualStudioVersion = 16.0.31515.178
MinimumVisualStudioVersion = 10.0.40219.1
Project("{2150E333-8FDC-42A3-9474-1A3956D46DE8}") = "Readme", "Readme", "{A1942E0A-D01F-4DEA-93D2-421E37250CE4}"
	ProjectSection(SolutionItems) = preProject
		README.md = README.md
	EndProjectSection
EndProject
Project("{8BC9CEB8-8B4A-11D0-8D11-00A0C91BC942}") = "feladatgy_I_1", "feladatgy_I_1\feladatgy_I_1.vcxproj", "{564B265A-1FD0-481E-B823-4882AD43EE99}"
EndProject
Project("{8BC9CEB8-8B4A-11D0-8D11-00A0C91BC942}") = "valami", "valami\valami.vcxproj", "{799A4EED-BEF7-4CAE-AB32-AF192C19C19B}"
EndProject
Global
	GlobalSection(SolutionConfigurationPlatforms) = preSolution
		Debug|x64 = Debug|x64
		Debug|x86 = Debug|x86
		Release|x64 = Release|x64
		Release|x86 = Release|x86
	EndGlobalSection
	GlobalSection(ProjectConfigurationPlatforms) = postSolution
		{564B265A-1FD0-481E-B823-4882AD43EE99}.Debug|x64.ActiveCfg = Debug|x64
		{564B265A-1FD0-481E-B823-4882AD43EE99}.Debug|x64.Build.0 = Debug|x64
		{564B265A-1FD0-481E-B823-4882AD43EE99}.Debug|x86.ActiveCfg = Debug|Win32
		{564B265A-1FD0-481E-B823-4882AD43EE99}.Debug|x86.Build.0 = Debug|Win32
		{564B265A-1FD0-481E-B823-4882AD43EE99}.Release|x64.ActiveCfg = Release|x64
		{564B265A-1FD0-481E-B823-4882AD43EE99}.Release|x64.Build.0 = Release|x64
		{564B265A-1FD0-481E-B823-4882AD43EE99}.Release|x86.ActiveCfg = Release|Win32
		{564B265A-1FD0-481E-B823-4882AD43EE99}.Release|x86.Build.0 = Release|Win32
		{799A4EED-BEF7-4CAE-AB32-AF192C19C19B}.Debug|x64.ActiveCfg = Debug|x64
		{799A4EED-BEF7-4CAE-AB32-AF192C19C19B}.Debug|x64.Build.0 = Debug|x64
		{799A4EED-BEF7-4CAE-AB32-AF192C19C19B}.Debug|x86.ActiveCfg = Debug|Win32
		{799A4EED-BEF7-4CAE-AB32-AF192C19C19B}.Debug|x86.Build.0 = Debug|Win32
		{799A4EED-BEF7-4CAE-AB32-AF192C19C19B}.Release|x64.ActiveCfg = Release|x64
		{799A4EED-BEF7-4CAE-AB32-AF192C19C19B}.Release|x64.Build.0 = Release|x64
		{799A4EED-BEF7-4CAE-AB32-AF192C19C19B}.Release|x86.ActiveCfg = Release|Win32
		{799A4EED-BEF7-4CAE-AB32-AF192C19C19B}.Release|x86.Build.0 = Release|Win32
	EndGlobalSection
	GlobalSection(SolutionProperties) = preSolution
		HideSolutionNode = FALSE
	EndGlobalSection
	GlobalSection(ExtensibilityGlobals) = postSolution
		SolutionGuid = {9E9E6E05-690D-4D1D-B37E-817A534073C2}
	EndGlobalSection
EndGlobal
