
Microsoft Visual Studio Solution File, Format Version 12.00
# Visual Studio Version 16
VisualStudioVersion = 16.0.31515.178
MinimumVisualStudioVersion = 10.0.40219.1
Project("{2150E333-8FDC-42A3-9474-1A3956D46DE8}") = "Readme", "Readme", "{A1942E0A-D01F-4DEA-93D2-421E37250CE4}"
	ProjectSection(SolutionItems) = preProject
		README.md = README.md
	EndProjectSection
EndProject
Project("{8BC9CEB8-8B4A-11D0-8D11-00A0C91BC942}") = "feladatgy_I_1", "feladatgy_I_1\feladatgy_I_1.vcxproj", "{564B265A-1FD0-481E-B823-4882AD43EE99}"
EndProject
Project("{8BC9CEB8-8B4A-11D0-8D11-00A0C91BC942}") = "valami", "valami\valami.vcxproj", "{799A4EED-BEF7-4CAE-AB32-AF192C19C19B}"
EndProject
Project("{8BC9CEB8-8B4A-11D0-8D11-00A0C91BC942}") = "feladatgy_II_4", "feladatgy_II_4\feladatgy_II_4.vcxproj", "{90C35F59-E0D2-46A8-857D-F380ED66CA79}"
EndProject
Project("{8BC9CEB8-8B4A-11D0-8D11-00A0C91BC942}") = "FGy_I_21", "FGy_I_21\FGy_I_21.vcxproj", "{9E632F77-3CDB-4E0A-8758-F81658463E4F}"
EndProject
Project("{8BC9CEB8-8B4A-11D0-8D11-00A0C91BC942}") = "8hf", "8hf\8hf.vcxproj", "{5184CCFE-6A11-45C2-945C-D41B1A08F731}"
EndProject
Project("{8BC9CEB8-8B4A-11D0-8D11-00A0C91BC942}") = "pascal_haromszog", "pascal_haromszog\pascal_haromszog.vcxproj", "{D5E54F47-ABBD-4202-A3B6-001CD594B24A}"
EndProject
Project("{8BC9CEB8-8B4A-11D0-8D11-00A0C91BC942}") = "masodfoku_egyenlet", "masodfoku_egyenlet\masodfoku_egyenlet.vcxproj", "{AA7FF34E-E0B1-4DB4-8C72-E779BF6B6CC9}"
EndProject
Project("{8BC9CEB8-8B4A-11D0-8D11-00A0C91BC942}") = "szamsor", "szamsor\szamsor.vcxproj", "{9AFE18C5-EB7E-48EE-A521-C1D3561F63DC}"
EndProject
Project("{8BC9CEB8-8B4A-11D0-8D11-00A0C91BC942}") = "monogramm", "monogramm\monogramm.vcxproj", "{5A3FF01D-B104-48F2-A795-F1117D88E57E}"
EndProject
Project("{8BC9CEB8-8B4A-11D0-8D11-00A0C91BC942}") = "FGy_II_8", "FGy_II_8\FGy_II_8.vcxproj", "{6751995C-E6F3-4B57-B7D0-938252747F3F}"
EndProject
Project("{8BC9CEB8-8B4A-11D0-8D11-00A0C91BC942}") = "FGy_II_12", "FGy_II_12\FGy_II_12.vcxproj", "{1BCDCBB1-99A3-409A-97DD-EDEA59CB25A6}"
EndProject
Project("{8BC9CEB8-8B4A-11D0-8D11-00A0C91BC942}") = "FGy_II_14", "FGy_II_14\FGy_II_14.vcxproj", "{668DE522-46CE-4996-83BF-FC42582068AE}"
EndProject
Project("{8BC9CEB8-8B4A-11D0-8D11-00A0C91BC942}") = "FGy_II_15", "FGy_II_15\FGy_II_15.vcxproj", "{CC55E353-6AA2-420F-B233-E950A35BAB01}"
EndProject
Project("{8BC9CEB8-8B4A-11D0-8D11-00A0C91BC942}") = "FGy_II_16", "FGy_II_16\FGy_II_16.vcxproj", "{A3DBC13B-F0B3-4059-A498-E5C869F0CC8C}"
EndProject
Project("{8BC9CEB8-8B4A-11D0-8D11-00A0C91BC942}") = "FGy_II_17", "FGy_II_17\FGy_II_17.vcxproj", "{A444E7C7-0C3E-49D9-B860-8046FF426AD6}"
EndProject
Project("{8BC9CEB8-8B4A-11D0-8D11-00A0C91BC942}") = "FGy_II_18", "FGy_II_18\FGy_II_18.vcxproj", "{428767A9-68CD-4319-A1A6-C7B93EC4877B}"
EndProject
Project("{8BC9CEB8-8B4A-11D0-8D11-00A0C91BC942}") = "FGy_II_19", "FGy_II_19\FGy_II_19.vcxproj", "{384A010A-C69B-454E-A7E9-297CB70A9ECE}"
EndProject
Project("{8BC9CEB8-8B4A-11D0-8D11-00A0C91BC942}") = "FGy_II_22", "FGy_II_22\FGy_II_22.vcxproj", "{14EADA67-ADAB-4587-9755-568EB0B4F456}"
EndProject
Project("{8BC9CEB8-8B4A-11D0-8D11-00A0C91BC942}") = "FGy_II_20", "FGy_II_20\FGy_II_20.vcxproj", "{0A06DCD4-9BAE-485E-9E3F-AD311685A3B3}"
EndProject
Project("{8BC9CEB8-8B4A-11D0-8D11-00A0C91BC942}") = "FGy_II_23", "FGy_II_23\FGy_II_23.vcxproj", "{ABDA7223-FA34-4533-B63A-ACEC9ABB4375}"
EndProject
Project("{8BC9CEB8-8B4A-11D0-8D11-00A0C91BC942}") = "FGy_II_24", "FGy_II_24\FGy_II_24.vcxproj", "{ED76B818-81C4-41F5-A41D-B6B40A1B4762}"
EndProject
Project("{8BC9CEB8-8B4A-11D0-8D11-00A0C91BC942}") = "FGy_II_25", "FGy_II_25\FGy_II_25.vcxproj", "{1BDFE0DB-A51F-46F4-8060-190076744E55}"
EndProject
Project("{8BC9CEB8-8B4A-11D0-8D11-00A0C91BC942}") = "FGy_II_26", "FGy_II_26\FGy_II_26.vcxproj", "{016D1628-2A42-457A-8133-6138A36BAD1E}"
EndProject
Project("{8BC9CEB8-8B4A-11D0-8D11-00A0C91BC942}") = "FGy_II_27", "FGy_II_27\FGy_II_27.vcxproj", "{8A2A20CB-90D3-4C34-8A0C-E189953B7F29}"
EndProject
Project("{8BC9CEB8-8B4A-11D0-8D11-00A0C91BC942}") = "FGy_II_30", "FGy_II_30\FGy_II_30.vcxproj", "{E96483FD-EDC8-4A2A-9759-78B41727BF4E}"
EndProject
Project("{8BC9CEB8-8B4A-11D0-8D11-00A0C91BC942}") = "FGy_II_21", "FGy_II_21\FGy_II_21.vcxproj", "{33B544F2-0627-4C61-814A-1126A83E9231}"
EndProject
Project("{8BC9CEB8-8B4A-11D0-8D11-00A0C91BC942}") = "FGy_II_31", "FGy_II_31\FGy_II_31.vcxproj", "{5E923D5D-048F-4065-84B3-11F045BD534E}"
EndProject
Project("{8BC9CEB8-8B4A-11D0-8D11-00A0C91BC942}") = "FGy_II_29", "FGy_II_29\FGy_II_29.vcxproj", "{CBE6E34A-2349-4E95-9FA5-5DEB3FCDDD2C}"
EndProject
Project("{8BC9CEB8-8B4A-11D0-8D11-00A0C91BC942}") = "FGy_III_01", "FGy_III_01\FGy_III_01.vcxproj", "{5021C203-860E-48D9-994B-877461E61646}"
EndProject
Project("{8BC9CEB8-8B4A-11D0-8D11-00A0C91BC942}") = "FGy_III_02", "FGy_III_02\FGy_III_02.vcxproj", "{E98881A6-3B91-43D8-84E8-F35E0EA7AC44}"
EndProject
Project("{8BC9CEB8-8B4A-11D0-8D11-00A0C91BC942}") = "FGy_III_03", "FGy_III_03\FGy_III_03.vcxproj", "{12232807-5245-4D99-A0EC-001BCC8C1093}"
EndProject
Project("{8BC9CEB8-8B4A-11D0-8D11-00A0C91BC942}") = "FGy_III_04", "FGy_III_04\FGy_III_04.vcxproj", "{C8E1A865-5270-40E1-A5BE-BDE5AA10A99E}"
EndProject
Project("{8BC9CEB8-8B4A-11D0-8D11-00A0C91BC942}") = "FGy_III_05", "FGy_III_05\FGy_III_05.vcxproj", "{28B1997F-21DF-47DB-827C-318DD33B78B2}"
EndProject
Project("{8BC9CEB8-8B4A-11D0-8D11-00A0C91BC942}") = "FGy_III_06", "FGy_III_06\FGy_III_06.vcxproj", "{02F0F78D-1579-42C9-BCE9-3D3C15EC1B29}"
EndProject
Project("{8BC9CEB8-8B4A-11D0-8D11-00A0C91BC942}") = "FGy_III_07", "FGy_III_07\FGy_III_07.vcxproj", "{72BE410D-8251-4ACD-B44E-29515B8A6CD9}"
EndProject
Project("{8BC9CEB8-8B4A-11D0-8D11-00A0C91BC942}") = "FGy_III_08", "FGy_III_08\FGy_III_08.vcxproj", "{5E5C7DF5-CA4E-4777-841D-810295312B74}"
EndProject
Project("{8BC9CEB8-8B4A-11D0-8D11-00A0C91BC942}") = "FGy_III_09", "FGy_III_09\FGy_III_09.vcxproj", "{EA196AD6-CBD6-42C5-85B2-38979742027B}"
EndProject
Project("{8BC9CEB8-8B4A-11D0-8D11-00A0C91BC942}") = "FGy_III_10", "FGy_III_10\FGy_III_10.vcxproj", "{E08ADC2B-BC33-4428-9035-BCD088B62EE9}"
EndProject
Project("{8BC9CEB8-8B4A-11D0-8D11-00A0C91BC942}") = "FGy_III_11", "FGy_III_11\FGy_III_11.vcxproj", "{C6CE3557-A810-4D17-B4EF-84DC7B8D95EE}"
EndProject
Global
	GlobalSection(SolutionConfigurationPlatforms) = preSolution
		Debug|x64 = Debug|x64
		Debug|x86 = Debug|x86
		Release|x64 = Release|x64
		Release|x86 = Release|x86
	EndGlobalSection
	GlobalSection(ProjectConfigurationPlatforms) = postSolution
		{564B265A-1FD0-481E-B823-4882AD43EE99}.Debug|x64.ActiveCfg = Debug|x64
		{564B265A-1FD0-481E-B823-4882AD43EE99}.Debug|x64.Build.0 = Debug|x64
		{564B265A-1FD0-481E-B823-4882AD43EE99}.Debug|x86.ActiveCfg = Debug|Win32
		{564B265A-1FD0-481E-B823-4882AD43EE99}.Debug|x86.Build.0 = Debug|Win32
		{564B265A-1FD0-481E-B823-4882AD43EE99}.Release|x64.ActiveCfg = Release|x64
		{564B265A-1FD0-481E-B823-4882AD43EE99}.Release|x64.Build.0 = Release|x64
		{564B265A-1FD0-481E-B823-4882AD43EE99}.Release|x86.ActiveCfg = Release|Win32
		{564B265A-1FD0-481E-B823-4882AD43EE99}.Release|x86.Build.0 = Release|Win32
		{799A4EED-BEF7-4CAE-AB32-AF192C19C19B}.Debug|x64.ActiveCfg = Debug|x64
		{799A4EED-BEF7-4CAE-AB32-AF192C19C19B}.Debug|x64.Build.0 = Debug|x64
		{799A4EED-BEF7-4CAE-AB32-AF192C19C19B}.Debug|x86.ActiveCfg = Debug|Win32
		{799A4EED-BEF7-4CAE-AB32-AF192C19C19B}.Debug|x86.Build.0 = Debug|Win32
		{799A4EED-BEF7-4CAE-AB32-AF192C19C19B}.Release|x64.ActiveCfg = Release|x64
		{799A4EED-BEF7-4CAE-AB32-AF192C19C19B}.Release|x64.Build.0 = Release|x64
		{799A4EED-BEF7-4CAE-AB32-AF192C19C19B}.Release|x86.ActiveCfg = Release|Win32
		{799A4EED-BEF7-4CAE-AB32-AF192C19C19B}.Release|x86.Build.0 = Release|Win32
		{90C35F59-E0D2-46A8-857D-F380ED66CA79}.Debug|x64.ActiveCfg = Debug|x64
		{90C35F59-E0D2-46A8-857D-F380ED66CA79}.Debug|x64.Build.0 = Debug|x64
		{90C35F59-E0D2-46A8-857D-F380ED66CA79}.Debug|x86.ActiveCfg = Debug|Win32
		{90C35F59-E0D2-46A8-857D-F380ED66CA79}.Debug|x86.Build.0 = Debug|Win32
		{90C35F59-E0D2-46A8-857D-F380ED66CA79}.Release|x64.ActiveCfg = Release|x64
		{90C35F59-E0D2-46A8-857D-F380ED66CA79}.Release|x64.Build.0 = Release|x64
		{90C35F59-E0D2-46A8-857D-F380ED66CA79}.Release|x86.ActiveCfg = Release|Win32
		{90C35F59-E0D2-46A8-857D-F380ED66CA79}.Release|x86.Build.0 = Release|Win32
		{9E632F77-3CDB-4E0A-8758-F81658463E4F}.Debug|x64.ActiveCfg = Debug|x64
		{9E632F77-3CDB-4E0A-8758-F81658463E4F}.Debug|x64.Build.0 = Debug|x64
		{9E632F77-3CDB-4E0A-8758-F81658463E4F}.Debug|x86.ActiveCfg = Debug|Win32
		{9E632F77-3CDB-4E0A-8758-F81658463E4F}.Debug|x86.Build.0 = Debug|Win32
		{9E632F77-3CDB-4E0A-8758-F81658463E4F}.Release|x64.ActiveCfg = Release|x64
		{9E632F77-3CDB-4E0A-8758-F81658463E4F}.Release|x64.Build.0 = Release|x64
		{9E632F77-3CDB-4E0A-8758-F81658463E4F}.Release|x86.ActiveCfg = Release|Win32
		{9E632F77-3CDB-4E0A-8758-F81658463E4F}.Release|x86.Build.0 = Release|Win32
		{5184CCFE-6A11-45C2-945C-D41B1A08F731}.Debug|x64.ActiveCfg = Debug|x64
		{5184CCFE-6A11-45C2-945C-D41B1A08F731}.Debug|x64.Build.0 = Debug|x64
		{5184CCFE-6A11-45C2-945C-D41B1A08F731}.Debug|x86.ActiveCfg = Debug|Win32
		{5184CCFE-6A11-45C2-945C-D41B1A08F731}.Debug|x86.Build.0 = Debug|Win32
		{5184CCFE-6A11-45C2-945C-D41B1A08F731}.Release|x64.ActiveCfg = Release|x64
		{5184CCFE-6A11-45C2-945C-D41B1A08F731}.Release|x64.Build.0 = Release|x64
		{5184CCFE-6A11-45C2-945C-D41B1A08F731}.Release|x86.ActiveCfg = Release|Win32
		{5184CCFE-6A11-45C2-945C-D41B1A08F731}.Release|x86.Build.0 = Release|Win32
		{D5E54F47-ABBD-4202-A3B6-001CD594B24A}.Debug|x64.ActiveCfg = Debug|x64
		{D5E54F47-ABBD-4202-A3B6-001CD594B24A}.Debug|x64.Build.0 = Debug|x64
		{D5E54F47-ABBD-4202-A3B6-001CD594B24A}.Debug|x86.ActiveCfg = Debug|Win32
		{D5E54F47-ABBD-4202-A3B6-001CD594B24A}.Debug|x86.Build.0 = Debug|Win32
		{D5E54F47-ABBD-4202-A3B6-001CD594B24A}.Release|x64.ActiveCfg = Release|x64
		{D5E54F47-ABBD-4202-A3B6-001CD594B24A}.Release|x64.Build.0 = Release|x64
		{D5E54F47-ABBD-4202-A3B6-001CD594B24A}.Release|x86.ActiveCfg = Release|Win32
		{D5E54F47-ABBD-4202-A3B6-001CD594B24A}.Release|x86.Build.0 = Release|Win32
		{AA7FF34E-E0B1-4DB4-8C72-E779BF6B6CC9}.Debug|x64.ActiveCfg = Debug|x64
		{AA7FF34E-E0B1-4DB4-8C72-E779BF6B6CC9}.Debug|x64.Build.0 = Debug|x64
		{AA7FF34E-E0B1-4DB4-8C72-E779BF6B6CC9}.Debug|x86.ActiveCfg = Debug|Win32
		{AA7FF34E-E0B1-4DB4-8C72-E779BF6B6CC9}.Debug|x86.Build.0 = Debug|Win32
		{AA7FF34E-E0B1-4DB4-8C72-E779BF6B6CC9}.Release|x64.ActiveCfg = Release|x64
		{AA7FF34E-E0B1-4DB4-8C72-E779BF6B6CC9}.Release|x64.Build.0 = Release|x64
		{AA7FF34E-E0B1-4DB4-8C72-E779BF6B6CC9}.Release|x86.ActiveCfg = Release|Win32
		{AA7FF34E-E0B1-4DB4-8C72-E779BF6B6CC9}.Release|x86.Build.0 = Release|Win32
		{9AFE18C5-EB7E-48EE-A521-C1D3561F63DC}.Debug|x64.ActiveCfg = Debug|x64
		{9AFE18C5-EB7E-48EE-A521-C1D3561F63DC}.Debug|x64.Build.0 = Debug|x64
		{9AFE18C5-EB7E-48EE-A521-C1D3561F63DC}.Debug|x86.ActiveCfg = Debug|Win32
		{9AFE18C5-EB7E-48EE-A521-C1D3561F63DC}.Debug|x86.Build.0 = Debug|Win32
		{9AFE18C5-EB7E-48EE-A521-C1D3561F63DC}.Release|x64.ActiveCfg = Release|x64
		{9AFE18C5-EB7E-48EE-A521-C1D3561F63DC}.Release|x64.Build.0 = Release|x64
		{9AFE18C5-EB7E-48EE-A521-C1D3561F63DC}.Release|x86.ActiveCfg = Release|Win32
		{9AFE18C5-EB7E-48EE-A521-C1D3561F63DC}.Release|x86.Build.0 = Release|Win32
		{5A3FF01D-B104-48F2-A795-F1117D88E57E}.Debug|x64.ActiveCfg = Debug|x64
		{5A3FF01D-B104-48F2-A795-F1117D88E57E}.Debug|x64.Build.0 = Debug|x64
		{5A3FF01D-B104-48F2-A795-F1117D88E57E}.Debug|x86.ActiveCfg = Debug|Win32
		{5A3FF01D-B104-48F2-A795-F1117D88E57E}.Debug|x86.Build.0 = Debug|Win32
		{5A3FF01D-B104-48F2-A795-F1117D88E57E}.Release|x64.ActiveCfg = Release|x64
		{5A3FF01D-B104-48F2-A795-F1117D88E57E}.Release|x64.Build.0 = Release|x64
		{5A3FF01D-B104-48F2-A795-F1117D88E57E}.Release|x86.ActiveCfg = Release|Win32
		{5A3FF01D-B104-48F2-A795-F1117D88E57E}.Release|x86.Build.0 = Release|Win32
		{6751995C-E6F3-4B57-B7D0-938252747F3F}.Debug|x64.ActiveCfg = Debug|x64
		{6751995C-E6F3-4B57-B7D0-938252747F3F}.Debug|x64.Build.0 = Debug|x64
		{6751995C-E6F3-4B57-B7D0-938252747F3F}.Debug|x86.ActiveCfg = Debug|Win32
		{6751995C-E6F3-4B57-B7D0-938252747F3F}.Debug|x86.Build.0 = Debug|Win32
		{6751995C-E6F3-4B57-B7D0-938252747F3F}.Release|x64.ActiveCfg = Release|x64
		{6751995C-E6F3-4B57-B7D0-938252747F3F}.Release|x64.Build.0 = Release|x64
		{6751995C-E6F3-4B57-B7D0-938252747F3F}.Release|x86.ActiveCfg = Release|Win32
		{6751995C-E6F3-4B57-B7D0-938252747F3F}.Release|x86.Build.0 = Release|Win32
		{1BCDCBB1-99A3-409A-97DD-EDEA59CB25A6}.Debug|x64.ActiveCfg = Debug|x64
		{1BCDCBB1-99A3-409A-97DD-EDEA59CB25A6}.Debug|x64.Build.0 = Debug|x64
		{1BCDCBB1-99A3-409A-97DD-EDEA59CB25A6}.Debug|x86.ActiveCfg = Debug|Win32
		{1BCDCBB1-99A3-409A-97DD-EDEA59CB25A6}.Debug|x86.Build.0 = Debug|Win32
		{1BCDCBB1-99A3-409A-97DD-EDEA59CB25A6}.Release|x64.ActiveCfg = Release|x64
		{1BCDCBB1-99A3-409A-97DD-EDEA59CB25A6}.Release|x64.Build.0 = Release|x64
		{1BCDCBB1-99A3-409A-97DD-EDEA59CB25A6}.Release|x86.ActiveCfg = Release|Win32
		{1BCDCBB1-99A3-409A-97DD-EDEA59CB25A6}.Release|x86.Build.0 = Release|Win32
		{668DE522-46CE-4996-83BF-FC42582068AE}.Debug|x64.ActiveCfg = Debug|x64
		{668DE522-46CE-4996-83BF-FC42582068AE}.Debug|x64.Build.0 = Debug|x64
		{668DE522-46CE-4996-83BF-FC42582068AE}.Debug|x86.ActiveCfg = Debug|Win32
		{668DE522-46CE-4996-83BF-FC42582068AE}.Debug|x86.Build.0 = Debug|Win32
		{668DE522-46CE-4996-83BF-FC42582068AE}.Release|x64.ActiveCfg = Release|x64
		{668DE522-46CE-4996-83BF-FC42582068AE}.Release|x64.Build.0 = Release|x64
		{668DE522-46CE-4996-83BF-FC42582068AE}.Release|x86.ActiveCfg = Release|Win32
		{668DE522-46CE-4996-83BF-FC42582068AE}.Release|x86.Build.0 = Release|Win32
		{CC55E353-6AA2-420F-B233-E950A35BAB01}.Debug|x64.ActiveCfg = Debug|x64
		{CC55E353-6AA2-420F-B233-E950A35BAB01}.Debug|x64.Build.0 = Debug|x64
		{CC55E353-6AA2-420F-B233-E950A35BAB01}.Debug|x86.ActiveCfg = Debug|Win32
		{CC55E353-6AA2-420F-B233-E950A35BAB01}.Debug|x86.Build.0 = Debug|Win32
		{CC55E353-6AA2-420F-B233-E950A35BAB01}.Release|x64.ActiveCfg = Release|x64
		{CC55E353-6AA2-420F-B233-E950A35BAB01}.Release|x64.Build.0 = Release|x64
		{CC55E353-6AA2-420F-B233-E950A35BAB01}.Release|x86.ActiveCfg = Release|Win32
		{CC55E353-6AA2-420F-B233-E950A35BAB01}.Release|x86.Build.0 = Release|Win32
		{A3DBC13B-F0B3-4059-A498-E5C869F0CC8C}.Debug|x64.ActiveCfg = Debug|x64
		{A3DBC13B-F0B3-4059-A498-E5C869F0CC8C}.Debug|x64.Build.0 = Debug|x64
		{A3DBC13B-F0B3-4059-A498-E5C869F0CC8C}.Debug|x86.ActiveCfg = Debug|Win32
		{A3DBC13B-F0B3-4059-A498-E5C869F0CC8C}.Debug|x86.Build.0 = Debug|Win32
		{A3DBC13B-F0B3-4059-A498-E5C869F0CC8C}.Release|x64.ActiveCfg = Release|x64
		{A3DBC13B-F0B3-4059-A498-E5C869F0CC8C}.Release|x64.Build.0 = Release|x64
		{A3DBC13B-F0B3-4059-A498-E5C869F0CC8C}.Release|x86.ActiveCfg = Release|Win32
		{A3DBC13B-F0B3-4059-A498-E5C869F0CC8C}.Release|x86.Build.0 = Release|Win32
		{A444E7C7-0C3E-49D9-B860-8046FF426AD6}.Debug|x64.ActiveCfg = Debug|x64
		{A444E7C7-0C3E-49D9-B860-8046FF426AD6}.Debug|x64.Build.0 = Debug|x64
		{A444E7C7-0C3E-49D9-B860-8046FF426AD6}.Debug|x86.ActiveCfg = Debug|Win32
		{A444E7C7-0C3E-49D9-B860-8046FF426AD6}.Debug|x86.Build.0 = Debug|Win32
		{A444E7C7-0C3E-49D9-B860-8046FF426AD6}.Release|x64.ActiveCfg = Release|x64
		{A444E7C7-0C3E-49D9-B860-8046FF426AD6}.Release|x64.Build.0 = Release|x64
		{A444E7C7-0C3E-49D9-B860-8046FF426AD6}.Release|x86.ActiveCfg = Release|Win32
		{A444E7C7-0C3E-49D9-B860-8046FF426AD6}.Release|x86.Build.0 = Release|Win32
		{428767A9-68CD-4319-A1A6-C7B93EC4877B}.Debug|x64.ActiveCfg = Debug|x64
		{428767A9-68CD-4319-A1A6-C7B93EC4877B}.Debug|x64.Build.0 = Debug|x64
		{428767A9-68CD-4319-A1A6-C7B93EC4877B}.Debug|x86.ActiveCfg = Debug|Win32
		{428767A9-68CD-4319-A1A6-C7B93EC4877B}.Debug|x86.Build.0 = Debug|Win32
		{428767A9-68CD-4319-A1A6-C7B93EC4877B}.Release|x64.ActiveCfg = Release|x64
		{428767A9-68CD-4319-A1A6-C7B93EC4877B}.Release|x64.Build.0 = Release|x64
		{428767A9-68CD-4319-A1A6-C7B93EC4877B}.Release|x86.ActiveCfg = Release|Win32
		{428767A9-68CD-4319-A1A6-C7B93EC4877B}.Release|x86.Build.0 = Release|Win32
		{384A010A-C69B-454E-A7E9-297CB70A9ECE}.Debug|x64.ActiveCfg = Debug|x64
		{384A010A-C69B-454E-A7E9-297CB70A9ECE}.Debug|x64.Build.0 = Debug|x64
		{384A010A-C69B-454E-A7E9-297CB70A9ECE}.Debug|x86.ActiveCfg = Debug|Win32
		{384A010A-C69B-454E-A7E9-297CB70A9ECE}.Debug|x86.Build.0 = Debug|Win32
		{384A010A-C69B-454E-A7E9-297CB70A9ECE}.Release|x64.ActiveCfg = Release|x64
		{384A010A-C69B-454E-A7E9-297CB70A9ECE}.Release|x64.Build.0 = Release|x64
		{384A010A-C69B-454E-A7E9-297CB70A9ECE}.Release|x86.ActiveCfg = Release|Win32
		{384A010A-C69B-454E-A7E9-297CB70A9ECE}.Release|x86.Build.0 = Release|Win32
		{14EADA67-ADAB-4587-9755-568EB0B4F456}.Debug|x64.ActiveCfg = Debug|x64
		{14EADA67-ADAB-4587-9755-568EB0B4F456}.Debug|x64.Build.0 = Debug|x64
		{14EADA67-ADAB-4587-9755-568EB0B4F456}.Debug|x86.ActiveCfg = Debug|Win32
		{14EADA67-ADAB-4587-9755-568EB0B4F456}.Debug|x86.Build.0 = Debug|Win32
		{14EADA67-ADAB-4587-9755-568EB0B4F456}.Release|x64.ActiveCfg = Release|x64
		{14EADA67-ADAB-4587-9755-568EB0B4F456}.Release|x64.Build.0 = Release|x64
		{14EADA67-ADAB-4587-9755-568EB0B4F456}.Release|x86.ActiveCfg = Release|Win32
		{14EADA67-ADAB-4587-9755-568EB0B4F456}.Release|x86.Build.0 = Release|Win32
		{0A06DCD4-9BAE-485E-9E3F-AD311685A3B3}.Debug|x64.ActiveCfg = Debug|x64
		{0A06DCD4-9BAE-485E-9E3F-AD311685A3B3}.Debug|x64.Build.0 = Debug|x64
		{0A06DCD4-9BAE-485E-9E3F-AD311685A3B3}.Debug|x86.ActiveCfg = Debug|Win32
		{0A06DCD4-9BAE-485E-9E3F-AD311685A3B3}.Debug|x86.Build.0 = Debug|Win32
		{0A06DCD4-9BAE-485E-9E3F-AD311685A3B3}.Release|x64.ActiveCfg = Release|x64
		{0A06DCD4-9BAE-485E-9E3F-AD311685A3B3}.Release|x64.Build.0 = Release|x64
		{0A06DCD4-9BAE-485E-9E3F-AD311685A3B3}.Release|x86.ActiveCfg = Release|Win32
		{0A06DCD4-9BAE-485E-9E3F-AD311685A3B3}.Release|x86.Build.0 = Release|Win32
		{ABDA7223-FA34-4533-B63A-ACEC9ABB4375}.Debug|x64.ActiveCfg = Debug|x64
		{ABDA7223-FA34-4533-B63A-ACEC9ABB4375}.Debug|x64.Build.0 = Debug|x64
		{ABDA7223-FA34-4533-B63A-ACEC9ABB4375}.Debug|x86.ActiveCfg = Debug|Win32
		{ABDA7223-FA34-4533-B63A-ACEC9ABB4375}.Debug|x86.Build.0 = Debug|Win32
		{ABDA7223-FA34-4533-B63A-ACEC9ABB4375}.Release|x64.ActiveCfg = Release|x64
		{ABDA7223-FA34-4533-B63A-ACEC9ABB4375}.Release|x64.Build.0 = Release|x64
		{ABDA7223-FA34-4533-B63A-ACEC9ABB4375}.Release|x86.ActiveCfg = Release|Win32
		{ABDA7223-FA34-4533-B63A-ACEC9ABB4375}.Release|x86.Build.0 = Release|Win32
		{ED76B818-81C4-41F5-A41D-B6B40A1B4762}.Debug|x64.ActiveCfg = Debug|x64
		{ED76B818-81C4-41F5-A41D-B6B40A1B4762}.Debug|x64.Build.0 = Debug|x64
		{ED76B818-81C4-41F5-A41D-B6B40A1B4762}.Debug|x86.ActiveCfg = Debug|Win32
		{ED76B818-81C4-41F5-A41D-B6B40A1B4762}.Debug|x86.Build.0 = Debug|Win32
		{ED76B818-81C4-41F5-A41D-B6B40A1B4762}.Release|x64.ActiveCfg = Release|x64
		{ED76B818-81C4-41F5-A41D-B6B40A1B4762}.Release|x64.Build.0 = Release|x64
		{ED76B818-81C4-41F5-A41D-B6B40A1B4762}.Release|x86.ActiveCfg = Release|Win32
		{ED76B818-81C4-41F5-A41D-B6B40A1B4762}.Release|x86.Build.0 = Release|Win32
		{1BDFE0DB-A51F-46F4-8060-190076744E55}.Debug|x64.ActiveCfg = Debug|x64
		{1BDFE0DB-A51F-46F4-8060-190076744E55}.Debug|x64.Build.0 = Debug|x64
		{1BDFE0DB-A51F-46F4-8060-190076744E55}.Debug|x86.ActiveCfg = Debug|Win32
		{1BDFE0DB-A51F-46F4-8060-190076744E55}.Debug|x86.Build.0 = Debug|Win32
		{1BDFE0DB-A51F-46F4-8060-190076744E55}.Release|x64.ActiveCfg = Release|x64
		{1BDFE0DB-A51F-46F4-8060-190076744E55}.Release|x64.Build.0 = Release|x64
		{1BDFE0DB-A51F-46F4-8060-190076744E55}.Release|x86.ActiveCfg = Release|Win32
		{1BDFE0DB-A51F-46F4-8060-190076744E55}.Release|x86.Build.0 = Release|Win32
		{016D1628-2A42-457A-8133-6138A36BAD1E}.Debug|x64.ActiveCfg = Debug|x64
		{016D1628-2A42-457A-8133-6138A36BAD1E}.Debug|x64.Build.0 = Debug|x64
		{016D1628-2A42-457A-8133-6138A36BAD1E}.Debug|x86.ActiveCfg = Debug|Win32
		{016D1628-2A42-457A-8133-6138A36BAD1E}.Debug|x86.Build.0 = Debug|Win32
		{016D1628-2A42-457A-8133-6138A36BAD1E}.Release|x64.ActiveCfg = Release|x64
		{016D1628-2A42-457A-8133-6138A36BAD1E}.Release|x64.Build.0 = Release|x64
		{016D1628-2A42-457A-8133-6138A36BAD1E}.Release|x86.ActiveCfg = Release|Win32
		{016D1628-2A42-457A-8133-6138A36BAD1E}.Release|x86.Build.0 = Release|Win32
		{8A2A20CB-90D3-4C34-8A0C-E189953B7F29}.Debug|x64.ActiveCfg = Debug|x64
		{8A2A20CB-90D3-4C34-8A0C-E189953B7F29}.Debug|x64.Build.0 = Debug|x64
		{8A2A20CB-90D3-4C34-8A0C-E189953B7F29}.Debug|x86.ActiveCfg = Debug|Win32
		{8A2A20CB-90D3-4C34-8A0C-E189953B7F29}.Debug|x86.Build.0 = Debug|Win32
		{8A2A20CB-90D3-4C34-8A0C-E189953B7F29}.Release|x64.ActiveCfg = Release|x64
		{8A2A20CB-90D3-4C34-8A0C-E189953B7F29}.Release|x64.Build.0 = Release|x64
		{8A2A20CB-90D3-4C34-8A0C-E189953B7F29}.Release|x86.ActiveCfg = Release|Win32
		{8A2A20CB-90D3-4C34-8A0C-E189953B7F29}.Release|x86.Build.0 = Release|Win32
		{E96483FD-EDC8-4A2A-9759-78B41727BF4E}.Debug|x64.ActiveCfg = Debug|x64
		{E96483FD-EDC8-4A2A-9759-78B41727BF4E}.Debug|x64.Build.0 = Debug|x64
		{E96483FD-EDC8-4A2A-9759-78B41727BF4E}.Debug|x86.ActiveCfg = Debug|Win32
		{E96483FD-EDC8-4A2A-9759-78B41727BF4E}.Debug|x86.Build.0 = Debug|Win32
		{E96483FD-EDC8-4A2A-9759-78B41727BF4E}.Release|x64.ActiveCfg = Release|x64
		{E96483FD-EDC8-4A2A-9759-78B41727BF4E}.Release|x64.Build.0 = Release|x64
		{E96483FD-EDC8-4A2A-9759-78B41727BF4E}.Release|x86.ActiveCfg = Release|Win32
		{E96483FD-EDC8-4A2A-9759-78B41727BF4E}.Release|x86.Build.0 = Release|Win32
		{33B544F2-0627-4C61-814A-1126A83E9231}.Debug|x64.ActiveCfg = Debug|x64
		{33B544F2-0627-4C61-814A-1126A83E9231}.Debug|x64.Build.0 = Debug|x64
		{33B544F2-0627-4C61-814A-1126A83E9231}.Debug|x86.ActiveCfg = Debug|Win32
		{33B544F2-0627-4C61-814A-1126A83E9231}.Debug|x86.Build.0 = Debug|Win32
		{33B544F2-0627-4C61-814A-1126A83E9231}.Release|x64.ActiveCfg = Release|x64
		{33B544F2-0627-4C61-814A-1126A83E9231}.Release|x64.Build.0 = Release|x64
		{33B544F2-0627-4C61-814A-1126A83E9231}.Release|x86.ActiveCfg = Release|Win32
		{33B544F2-0627-4C61-814A-1126A83E9231}.Release|x86.Build.0 = Release|Win32
		{5E923D5D-048F-4065-84B3-11F045BD534E}.Debug|x64.ActiveCfg = Debug|x64
		{5E923D5D-048F-4065-84B3-11F045BD534E}.Debug|x64.Build.0 = Debug|x64
		{5E923D5D-048F-4065-84B3-11F045BD534E}.Debug|x86.ActiveCfg = Debug|Win32
		{5E923D5D-048F-4065-84B3-11F045BD534E}.Debug|x86.Build.0 = Debug|Win32
		{5E923D5D-048F-4065-84B3-11F045BD534E}.Release|x64.ActiveCfg = Release|x64
		{5E923D5D-048F-4065-84B3-11F045BD534E}.Release|x64.Build.0 = Release|x64
		{5E923D5D-048F-4065-84B3-11F045BD534E}.Release|x86.ActiveCfg = Release|Win32
		{5E923D5D-048F-4065-84B3-11F045BD534E}.Release|x86.Build.0 = Release|Win32
		{CBE6E34A-2349-4E95-9FA5-5DEB3FCDDD2C}.Debug|x64.ActiveCfg = Debug|x64
		{CBE6E34A-2349-4E95-9FA5-5DEB3FCDDD2C}.Debug|x64.Build.0 = Debug|x64
		{CBE6E34A-2349-4E95-9FA5-5DEB3FCDDD2C}.Debug|x86.ActiveCfg = Debug|Win32
		{CBE6E34A-2349-4E95-9FA5-5DEB3FCDDD2C}.Debug|x86.Build.0 = Debug|Win32
		{CBE6E34A-2349-4E95-9FA5-5DEB3FCDDD2C}.Release|x64.ActiveCfg = Release|x64
		{CBE6E34A-2349-4E95-9FA5-5DEB3FCDDD2C}.Release|x64.Build.0 = Release|x64
		{CBE6E34A-2349-4E95-9FA5-5DEB3FCDDD2C}.Release|x86.ActiveCfg = Release|Win32
		{CBE6E34A-2349-4E95-9FA5-5DEB3FCDDD2C}.Release|x86.Build.0 = Release|Win32
		{5021C203-860E-48D9-994B-877461E61646}.Debug|x64.ActiveCfg = Debug|x64
		{5021C203-860E-48D9-994B-877461E61646}.Debug|x64.Build.0 = Debug|x64
		{5021C203-860E-48D9-994B-877461E61646}.Debug|x86.ActiveCfg = Debug|Win32
		{5021C203-860E-48D9-994B-877461E61646}.Debug|x86.Build.0 = Debug|Win32
		{5021C203-860E-48D9-994B-877461E61646}.Release|x64.ActiveCfg = Release|x64
		{5021C203-860E-48D9-994B-877461E61646}.Release|x64.Build.0 = Release|x64
		{5021C203-860E-48D9-994B-877461E61646}.Release|x86.ActiveCfg = Release|Win32
		{5021C203-860E-48D9-994B-877461E61646}.Release|x86.Build.0 = Release|Win32
		{E98881A6-3B91-43D8-84E8-F35E0EA7AC44}.Debug|x64.ActiveCfg = Debug|x64
		{E98881A6-3B91-43D8-84E8-F35E0EA7AC44}.Debug|x64.Build.0 = Debug|x64
		{E98881A6-3B91-43D8-84E8-F35E0EA7AC44}.Debug|x86.ActiveCfg = Debug|Win32
		{E98881A6-3B91-43D8-84E8-F35E0EA7AC44}.Debug|x86.Build.0 = Debug|Win32
		{E98881A6-3B91-43D8-84E8-F35E0EA7AC44}.Release|x64.ActiveCfg = Release|x64
		{E98881A6-3B91-43D8-84E8-F35E0EA7AC44}.Release|x64.Build.0 = Release|x64
		{E98881A6-3B91-43D8-84E8-F35E0EA7AC44}.Release|x86.ActiveCfg = Release|Win32
		{E98881A6-3B91-43D8-84E8-F35E0EA7AC44}.Release|x86.Build.0 = Release|Win32
		{12232807-5245-4D99-A0EC-001BCC8C1093}.Debug|x64.ActiveCfg = Debug|x64
		{12232807-5245-4D99-A0EC-001BCC8C1093}.Debug|x64.Build.0 = Debug|x64
		{12232807-5245-4D99-A0EC-001BCC8C1093}.Debug|x86.ActiveCfg = Debug|Win32
		{12232807-5245-4D99-A0EC-001BCC8C1093}.Debug|x86.Build.0 = Debug|Win32
		{12232807-5245-4D99-A0EC-001BCC8C1093}.Release|x64.ActiveCfg = Release|x64
		{12232807-5245-4D99-A0EC-001BCC8C1093}.Release|x64.Build.0 = Release|x64
		{12232807-5245-4D99-A0EC-001BCC8C1093}.Release|x86.ActiveCfg = Release|Win32
		{12232807-5245-4D99-A0EC-001BCC8C1093}.Release|x86.Build.0 = Release|Win32
		{C8E1A865-5270-40E1-A5BE-BDE5AA10A99E}.Debug|x64.ActiveCfg = Debug|x64
		{C8E1A865-5270-40E1-A5BE-BDE5AA10A99E}.Debug|x64.Build.0 = Debug|x64
		{C8E1A865-5270-40E1-A5BE-BDE5AA10A99E}.Debug|x86.ActiveCfg = Debug|Win32
		{C8E1A865-5270-40E1-A5BE-BDE5AA10A99E}.Debug|x86.Build.0 = Debug|Win32
		{C8E1A865-5270-40E1-A5BE-BDE5AA10A99E}.Release|x64.ActiveCfg = Release|x64
		{C8E1A865-5270-40E1-A5BE-BDE5AA10A99E}.Release|x64.Build.0 = Release|x64
		{C8E1A865-5270-40E1-A5BE-BDE5AA10A99E}.Release|x86.ActiveCfg = Release|Win32
		{C8E1A865-5270-40E1-A5BE-BDE5AA10A99E}.Release|x86.Build.0 = Release|Win32
		{28B1997F-21DF-47DB-827C-318DD33B78B2}.Debug|x64.ActiveCfg = Debug|x64
		{28B1997F-21DF-47DB-827C-318DD33B78B2}.Debug|x64.Build.0 = Debug|x64
		{28B1997F-21DF-47DB-827C-318DD33B78B2}.Debug|x86.ActiveCfg = Debug|Win32
		{28B1997F-21DF-47DB-827C-318DD33B78B2}.Debug|x86.Build.0 = Debug|Win32
		{28B1997F-21DF-47DB-827C-318DD33B78B2}.Release|x64.ActiveCfg = Release|x64
		{28B1997F-21DF-47DB-827C-318DD33B78B2}.Release|x64.Build.0 = Release|x64
		{28B1997F-21DF-47DB-827C-318DD33B78B2}.Release|x86.ActiveCfg = Release|Win32
		{28B1997F-21DF-47DB-827C-318DD33B78B2}.Release|x86.Build.0 = Release|Win32
		{02F0F78D-1579-42C9-BCE9-3D3C15EC1B29}.Debug|x64.ActiveCfg = Debug|x64
		{02F0F78D-1579-42C9-BCE9-3D3C15EC1B29}.Debug|x64.Build.0 = Debug|x64
		{02F0F78D-1579-42C9-BCE9-3D3C15EC1B29}.Debug|x86.ActiveCfg = Debug|Win32
		{02F0F78D-1579-42C9-BCE9-3D3C15EC1B29}.Debug|x86.Build.0 = Debug|Win32
		{02F0F78D-1579-42C9-BCE9-3D3C15EC1B29}.Release|x64.ActiveCfg = Release|x64
		{02F0F78D-1579-42C9-BCE9-3D3C15EC1B29}.Release|x64.Build.0 = Release|x64
		{02F0F78D-1579-42C9-BCE9-3D3C15EC1B29}.Release|x86.ActiveCfg = Release|Win32
		{02F0F78D-1579-42C9-BCE9-3D3C15EC1B29}.Release|x86.Build.0 = Release|Win32
		{72BE410D-8251-4ACD-B44E-29515B8A6CD9}.Debug|x64.ActiveCfg = Debug|x64
		{72BE410D-8251-4ACD-B44E-29515B8A6CD9}.Debug|x64.Build.0 = Debug|x64
		{72BE410D-8251-4ACD-B44E-29515B8A6CD9}.Debug|x86.ActiveCfg = Debug|Win32
		{72BE410D-8251-4ACD-B44E-29515B8A6CD9}.Debug|x86.Build.0 = Debug|Win32
		{72BE410D-8251-4ACD-B44E-29515B8A6CD9}.Release|x64.ActiveCfg = Release|x64
		{72BE410D-8251-4ACD-B44E-29515B8A6CD9}.Release|x64.Build.0 = Release|x64
		{72BE410D-8251-4ACD-B44E-29515B8A6CD9}.Release|x86.ActiveCfg = Release|Win32
		{72BE410D-8251-4ACD-B44E-29515B8A6CD9}.Release|x86.Build.0 = Release|Win32
		{5E5C7DF5-CA4E-4777-841D-810295312B74}.Debug|x64.ActiveCfg = Debug|x64
		{5E5C7DF5-CA4E-4777-841D-810295312B74}.Debug|x64.Build.0 = Debug|x64
		{5E5C7DF5-CA4E-4777-841D-810295312B74}.Debug|x86.ActiveCfg = Debug|Win32
		{5E5C7DF5-CA4E-4777-841D-810295312B74}.Debug|x86.Build.0 = Debug|Win32
		{5E5C7DF5-CA4E-4777-841D-810295312B74}.Release|x64.ActiveCfg = Release|x64
		{5E5C7DF5-CA4E-4777-841D-810295312B74}.Release|x64.Build.0 = Release|x64
		{5E5C7DF5-CA4E-4777-841D-810295312B74}.Release|x86.ActiveCfg = Release|Win32
		{5E5C7DF5-CA4E-4777-841D-810295312B74}.Release|x86.Build.0 = Release|Win32
		{EA196AD6-CBD6-42C5-85B2-38979742027B}.Debug|x64.ActiveCfg = Debug|x64
		{EA196AD6-CBD6-42C5-85B2-38979742027B}.Debug|x64.Build.0 = Debug|x64
		{EA196AD6-CBD6-42C5-85B2-38979742027B}.Debug|x86.ActiveCfg = Debug|Win32
		{EA196AD6-CBD6-42C5-85B2-38979742027B}.Debug|x86.Build.0 = Debug|Win32
		{EA196AD6-CBD6-42C5-85B2-38979742027B}.Release|x64.ActiveCfg = Release|x64
		{EA196AD6-CBD6-42C5-85B2-38979742027B}.Release|x64.Build.0 = Release|x64
		{EA196AD6-CBD6-42C5-85B2-38979742027B}.Release|x86.ActiveCfg = Release|Win32
		{EA196AD6-CBD6-42C5-85B2-38979742027B}.Release|x86.Build.0 = Release|Win32
		{E08ADC2B-BC33-4428-9035-BCD088B62EE9}.Debug|x64.ActiveCfg = Debug|x64
		{E08ADC2B-BC33-4428-9035-BCD088B62EE9}.Debug|x64.Build.0 = Debug|x64
		{E08ADC2B-BC33-4428-9035-BCD088B62EE9}.Debug|x86.ActiveCfg = Debug|Win32
		{E08ADC2B-BC33-4428-9035-BCD088B62EE9}.Debug|x86.Build.0 = Debug|Win32
		{E08ADC2B-BC33-4428-9035-BCD088B62EE9}.Release|x64.ActiveCfg = Release|x64
		{E08ADC2B-BC33-4428-9035-BCD088B62EE9}.Release|x64.Build.0 = Release|x64
		{E08ADC2B-BC33-4428-9035-BCD088B62EE9}.Release|x86.ActiveCfg = Release|Win32
		{E08ADC2B-BC33-4428-9035-BCD088B62EE9}.Release|x86.Build.0 = Release|Win32
		{C6CE3557-A810-4D17-B4EF-84DC7B8D95EE}.Debug|x64.ActiveCfg = Debug|x64
		{C6CE3557-A810-4D17-B4EF-84DC7B8D95EE}.Debug|x64.Build.0 = Debug|x64
		{C6CE3557-A810-4D17-B4EF-84DC7B8D95EE}.Debug|x86.ActiveCfg = Debug|Win32
		{C6CE3557-A810-4D17-B4EF-84DC7B8D95EE}.Debug|x86.Build.0 = Debug|Win32
		{C6CE3557-A810-4D17-B4EF-84DC7B8D95EE}.Release|x64.ActiveCfg = Release|x64
		{C6CE3557-A810-4D17-B4EF-84DC7B8D95EE}.Release|x64.Build.0 = Release|x64
		{C6CE3557-A810-4D17-B4EF-84DC7B8D95EE}.Release|x86.ActiveCfg = Release|Win32
		{C6CE3557-A810-4D17-B4EF-84DC7B8D95EE}.Release|x86.Build.0 = Release|Win32
	EndGlobalSection
	GlobalSection(SolutionProperties) = preSolution
		HideSolutionNode = FALSE
	EndGlobalSection
	GlobalSection(ExtensibilityGlobals) = postSolution
		SolutionGuid = {9E9E6E05-690D-4D1D-B37E-817A534073C2}
	EndGlobalSection
EndGlobal
